#MicroXplorer Configuration settings - do not modify
Mcu.Family=STM32F1
ProjectManager.MainLocation=Core/Src
FSMC.AddressSetupTime1=0
RCC.MCOFreq_Value=72000000
USB_DEVICE.CLASS_NAME_FS=HID
SH.FSMC_D1_DA1.0=FSMC_D1,16b-d1
FATFS._USE_LFN=3
ProjectManager.KeepUserCode=true
Mcu.UserName=STM32F103ZETx
FATFS0.BSP.semaphore=
FATFS0.BSP.api=Unknown
VP_FATFS_VS_SDIO.Mode=SDIO
RCC.PLLCLKFreq_Value=72000000
PC10.Signal=SDIO_D2
PC12.Signal=SDIO_CK
SH.FSMC_NWE.0=FSMC_NWE,Lcd1
PG0.Signal=FSMC_A10
ProjectManager.functionlistsort=1-MX_GPIO_Init-GPIO-false-HAL-true,2-SystemClock_Config-RCC-false-HAL-false,3-MX_FSMC_Init-FSMC-false-HAL-true,4-MX_SDIO_SD_Init-SDIO-false-HAL-true,5-MX_USB_DEVICE_Init-USB_DEVICE-false-HAL-false,6-MX_FATFS_Init-FATFS-false-HAL-false
SH.FSMC_D0_DA0.0=FSMC_D0,16b-d1
PA11.Mode=Device
RCC.ADCFreqValue=36000000
PB0.GPIO_Label=LCD_BL
FSMC.ExtendedBusTurnAroundDuration1=0
PinOutPanel.RotationAngle=0
PE5.GPIOParameters=GPIO_Label,GPIO_ModeDefaultOutputPP
RCC.SYSCLKSource=RCC_SYSCLKSOURCE_PLLCLK
ProjectManager.StackSize=0x400
PB5.GPIOParameters=GPIO_Label,GPIO_ModeDefaultOutputPP
SH.GPXTI2.0=GPIO_EXTI2
Mcu.IP4=SDIO
RCC.FCLKCortexFreq_Value=72000000
Mcu.IP5=SYS
Mcu.IP2=NVIC
NVIC.SVCall_IRQn=true\:0\:0\:false\:false\:true\:false\:false
Mcu.IP3=RCC
RCC.SDIOHCLKDiv2FreqValue=36000000
Mcu.IP0=FATFS
Mcu.IP1=FSMC
PA12.Signal=USB_DP
PE4.GPIOParameters=GPIO_PuPd,GPIO_Label,GPIO_ModeDefaultEXTI
SH.GPXTI3.ConfNb=1
Mcu.UserConstants=
VP_FATFS_VS_SDIO.Signal=FATFS_VS_SDIO
PB0.PinState=GPIO_PIN_SET
Mcu.ThirdPartyNb=0
RCC.SDIOFreq_Value=72000000
RCC.HCLKFreq_Value=72000000
Mcu.IPNb=8
ProjectManager.PreviousToolchain=
PD4.Signal=FSMC_NOE
RCC.APB2TimFreq_Value=72000000
SDIO.IPParameters=ClockDiv
Mcu.Pin6=OSC_IN
PD0.Signal=FSMC_D2_DA2
Mcu.Pin7=OSC_OUT
PD8.Signal=FSMC_D13_DA13
Mcu.Pin8=PA0-WKUP
PE5.Signal=GPIO_Output
OSC_OUT.Mode=HSE-External-Oscillator
Mcu.Pin9=PA1
SH.FSMC_A10.0=FSMC_A10,A10_1
OSC_OUT.Signal=RCC_OSC_OUT
RCC.AHBFreq_Value=72000000
FATFS0.BSP.ip=GPIO
Mcu.Pin0=PE2
Mcu.Pin1=PE3
GPIO.groupedBy=Group By Peripherals
Mcu.Pin2=PE4
Mcu.Pin3=PE5
SH.FSMC_D4_DA4.ConfNb=1
SH.FSMC_D12_DA12.ConfNb=1
Mcu.Pin4=PC14-OSC32_IN
PA0-WKUP.GPIOParameters=GPIO_PuPd,GPIO_Label,GPIO_ModeDefaultEXTI
Mcu.Pin5=PC15-OSC32_OUT
ProjectManager.ProjectBuild=false
NVIC.UsageFault_IRQn=true\:0\:0\:false\:false\:true\:false\:false
NVIC.DebugMonitor_IRQn=true\:0\:0\:false\:false\:true\:false\:false
PB3.Mode=JTAG_4_pins
FATFS0.BSP.i2caddr=0
PA15.Mode=JTAG_4_pins
NVIC.SysTick_IRQn=true\:0\:0\:false\:false\:true\:false\:true
SH.FSMC_D6_DA6.ConfNb=1
RCC.PLLMUL=RCC_PLL_MUL9
ProjectManager.FirmwarePackage=STM32Cube FW_F1 V1.8.4
MxDb.Version=DB.6.0.0
VP_USB_DEVICE_VS_USB_DEVICE_HID_FS.Signal=USB_DEVICE_VS_USB_DEVICE_HID_FS
PB0.GPIOParameters=PinState,GPIO_Label
PA1.GPIOParameters=GPIO_Label
SH.FSMC_NOE.ConfNb=1
PE13.Signal=FSMC_D10_DA10
ProjectManager.BackupPrevious=false
SH.FSMC_D14_DA14.0=FSMC_D14,16b-d1
SH.FSMC_D10_DA10.0=FSMC_D10,16b-d1
PC14-OSC32_IN.Mode=LSE-External-Oscillator
PE9.Signal=FSMC_D6_DA6
PA14.Mode=JTAG_4_pins
SH.FSMC_D6_DA6.0=FSMC_D6,16b-d1
File.Version=6
PE4.GPIO_Label=KEY0
PC9.Mode=SD_4_bits_Wide_bus
PE3.GPIOParameters=GPIO_PuPd,GPIO_Label,GPIO_ModeDefaultEXTI
SH.FSMC_D9_DA9.ConfNb=1
PE2.Signal=GPXTI2
PE3.Locked=true
FSMC.BusTurnAroundDuration1=0
NVIC.PendSV_IRQn=true\:0\:0\:false\:false\:true\:false\:false
PE10.Signal=FSMC_D7_DA7
PE4.Signal=GPXTI4
SH.FSMC_D5_DA5.0=FSMC_D5,16b-d1
ProjectManager.HalAssertFull=false
PB0.Locked=true
ProjectManager.ProjectName=GenshinPlayer
SH.FSMC_D4_DA4.0=FSMC_D4,16b-d1
RCC.PLLMCOFreq_Value=36000000
Mcu.Package=LQFP144
SH.FSMC_D15_DA15.ConfNb=1
RCC.I2S2Freq_Value=72000000
FSMC.IPParameters=ExtendedMode1,AddressSetupTime1,DataSetupTime1,BusTurnAroundDuration1,ExtendedAddressSetupTime1,ExtendedDataSetupTime1,ExtendedBusTurnAroundDuration1
FATFS0.BSP.solution=PA1
ProjectManager.ToolChainLocation=
SH.FSMC_D14_DA14.ConfNb=1
SH.FSMC_D13_DA13.0=FSMC_D13,16b-d1
SH.GPXTI0.0=GPIO_EXTI0
VP_SYS_VS_Systick.Signal=SYS_VS_Systick
PA15.Signal=SYS_JTDI
PC11.Mode=SD_4_bits_Wide_bus
PB5.GPIO_Label=LED0
SH.FSMC_D3_DA3.0=FSMC_D3,16b-d1
RCC.APB1TimFreq_Value=72000000
NVIC.BusFault_IRQn=true\:0\:0\:false\:false\:true\:false\:false
SH.FSMC_D2_DA2.0=FSMC_D2,16b-d1
SH.FSMC_NWE.ConfNb=1
PE7.Signal=FSMC_D4_DA4
SH.FSMC_D7_DA7.ConfNb=1
PE2.GPIO_Label=KEY2
PD15.Signal=FSMC_D1_DA1
ProjectManager.CustomerFirmwarePackage=
PG12.Signal=FSMC_NE4
PE3.GPIO_ModeDefaultEXTI=GPIO_MODE_IT_FALLING
PB5.GPIO_ModeDefaultOutputPP=GPIO_MODE_OUTPUT_OD
FSMC.ExtendedAddressSetupTime1=0
PC15-OSC32_OUT.Mode=LSE-External-Oscillator
FATFS0.BSP.STBoard=false
ProjectManager.ProjectFileName=GenshinPlayer.ioc
SH.FSMC_D12_DA12.0=FSMC_D12,16b-d1
Mcu.PinsNb=47
ProjectManager.NoMain=false
USB_DEVICE.VirtualModeFS=Hid_FS
FSMC.ExtendedMode1=FSMC_EXTENDED_MODE_ENABLE
PC11.Signal=SDIO_D3
FATFS0.BSP.mode=Input
PC8.Signal=SDIO_D0
PC10.Mode=SD_4_bits_Wide_bus
PE4.GPIO_ModeDefaultEXTI=GPIO_MODE_IT_FALLING
RCC.USBPrescaler=RCC_USBCLKSOURCE_PLL_DIV1_5
SH.FSMC_D8_DA8.ConfNb=1
SH.GPXTI0.ConfNb=1
PD1.Signal=FSMC_D3_DA3
ProjectManager.DefaultFWLocation=true
SH.FSMC_D9_DA9.0=FSMC_D9,16b-d1
PD9.Signal=FSMC_D14_DA14
PD5.Signal=FSMC_NWE
SH.FSMC_D11_DA11.ConfNb=1
ProjectManager.DeletePrevious=true
RCC.APB1CLKDivider=RCC_HCLK_DIV2
PC14-OSC32_IN.Signal=RCC_OSC32_IN
USB_DEVICE.IPParameters=VirtualMode,VirtualModeFS,CLASS_NAME_FS
PA0-WKUP.GPIO_ModeDefaultEXTI=GPIO_MODE_IT_RISING
RCC.FamilyName=M
RCC.I2S3Freq_Value=72000000
PA0-WKUP.GPIO_Label=WK_UP
PA0-WKUP.Signal=GPXTI0
PA0-WKUP.Locked=true
SH.FSMC_D8_DA8.0=FSMC_D8,16b-d1
FATFS0.BSP.instance=PA1
PD10.Signal=FSMC_D15_DA15
FATFS.IPParameters=_CODE_PAGE,_USE_LFN
PA13.Signal=SYS_JTMS-SWDIO
SH.FSMC_D13_DA13.ConfNb=1
SH.GPXTI2.ConfNb=1
ProjectManager.TargetToolchain=MDK-ARM V5.27
FSMC.DataSetupTime1=5
SH.FSMC_D5_DA5.ConfNb=1
SH.FSMC_A10.ConfNb=1
FATFS0.BSP.condition=
FATFS._CODE_PAGE=936
PE4.Locked=true
PB5.Locked=true
PE2.GPIOParameters=GPIO_PuPd,GPIO_Label,GPIO_ModeDefaultEXTI
ProjectManager.RegisterCallBack=
OSC_IN.Signal=RCC_OSC_IN
RCC.USBFreq_Value=48000000
SDIO.ClockDiv=4
PE11.Signal=FSMC_D8_DA8
PC15-OSC32_OUT.Signal=RCC_OSC32_OUT
PA1.Signal=GPIO_Input
Mcu.Pin46=VP_USB_DEVICE_VS_USB_DEVICE_HID_FS
PD2.Mode=SD_4_bits_Wide_bus
FATFS.BSP.number=1
PE2.GPIO_PuPd=GPIO_PULLUP
Mcu.Pin40=PD5
Mcu.Pin41=PG12
PC12.Mode=SD_4_bits_Wide_bus
Mcu.Pin44=VP_FATFS_VS_SDIO
SH.FSMC_D7_DA7.0=FSMC_D7,16b-d1
Mcu.Pin45=VP_SYS_VS_Systick
FSMC.ExtendedDataSetupTime1=3
Mcu.Pin42=PB3
board=custom
PG12.Mode=NorPsramChipSelect4_1
Mcu.Pin43=PB5
SH.FSMC_D0_DA0.ConfNb=1
SH.GPXTI3.0=GPIO_EXTI3
ProjectManager.LastFirmware=true
SH.FSMC_D3_DA3.ConfNb=1
RCC.VCOOutput2Freq_Value=8000000
VP_USB_DEVICE_VS_USB_DEVICE_HID_FS.Mode=HID_FS
RCC.APB2Freq_Value=72000000
PE14.Signal=FSMC_D11_DA11
PE15.Signal=FSMC_D12_DA12
MxCube.Version=6.0.1
Mcu.Pin37=PD1
Mcu.Pin38=PD2
Mcu.Pin35=PC12
PE8.Signal=FSMC_D5_DA5
Mcu.Pin36=PD0
Mcu.Pin39=PD4
FATFS0.BSP.i2creg=
NVIC.USB_LP_CAN1_RX0_IRQn=true\:5\:0\:true\:false\:true\:false\:true
Mcu.Pin30=PA13
PA1.GPIO_Label=SD_UP
VP_SYS_VS_Systick.Mode=SysTick
Mcu.Pin33=PC10
PE3.GPIO_PuPd=GPIO_PULLUP
Mcu.Pin34=PC11
Mcu.Pin31=PA14
Mcu.Pin32=PA15
NVIC.NonMaskableInt_IRQn=true\:0\:0\:false\:false\:true\:false\:false
PE5.Locked=true
PA13.Mode=JTAG_4_pins
ProjectManager.FreePins=false
RCC.IPParameters=ADCFreqValue,AHBFreq_Value,APB1CLKDivider,APB1Freq_Value,APB1TimFreq_Value,APB2Freq_Value,APB2TimFreq_Value,FCLKCortexFreq_Value,FSMCFreq_Value,FamilyName,HCLKFreq_Value,I2S2Freq_Value,I2S3Freq_Value,MCOFreq_Value,PLLCLKFreq_Value,PLLMCOFreq_Value,PLLMUL,SDIOFreq_Value,SDIOHCLKDiv2FreqValue,SYSCLKFreq_VALUE,SYSCLKSource,TimSysFreq_Value,USBFreq_Value,USBPrescaler,VCOOutput2Freq_Value
ProjectManager.AskForMigrate=true
Mcu.Name=STM32F103Z(C-D-E)Tx
PE12.Signal=FSMC_D9_DA9
Mcu.Pin26=PC8
Mcu.Pin27=PC9
Mcu.Pin24=PD14
ProjectManager.UnderRoot=false
PE4.GPIO_PuPd=GPIO_PULLUP
Mcu.Pin25=PD15
PD14.Signal=FSMC_D0_DA0
Mcu.Pin28=PA11
Mcu.IP6=USB
PC8.Mode=SD_4_bits_Wide_bus
Mcu.Pin29=PA12
RCC.FSMCFreq_Value=72000000
Mcu.IP7=USB_DEVICE
ProjectManager.CoupleFile=true
PB3.Signal=SYS_JTDO-TRACESWO
RCC.SYSCLKFreq_VALUE=72000000
Mcu.Pin22=PD9
PB5.Signal=GPIO_Output
Mcu.Pin23=PD10
RCC.TimSysFreq_Value=72000000
PA1.Locked=true
Mcu.Pin20=PE15
Mcu.Pin21=PD8
SH.GPXTI4.0=GPIO_EXTI4
PA12.Mode=Device
NVIC.ForceEnableDMAVector=true
KeepUserPlacement=false
OSC_IN.Mode=HSE-External-Oscillator
NVIC.MemoryManagement_IRQn=true\:0\:0\:false\:false\:true\:false\:false
PE5.GPIO_Label=LED1
ProjectManager.CompilerOptimize=6
PA11.Signal=USB_DM
SH.FSMC_D15_DA15.0=FSMC_D15,16b-d1
PA14.Signal=SYS_JTCK-SWCLK
ProjectManager.HeapSize=0x200
Mcu.Pin15=PE10
NVIC.HardFault_IRQn=true\:0\:0\:false\:false\:true\:false\:false
PE5.GPIO_ModeDefaultOutputPP=GPIO_MODE_OUTPUT_OD
Mcu.Pin16=PE11
SH.GPXTI4.ConfNb=1
Mcu.Pin13=PE8
SH.FSMC_D11_DA11.0=FSMC_D11,16b-d1
Mcu.Pin14=PE9
Mcu.Pin19=PE14
SH.FSMC_NOE.0=FSMC_NOE,Lcd1
ProjectManager.ComputerToolchain=false
Mcu.Pin17=PE12
SH.FSMC_D2_DA2.ConfNb=1
Mcu.Pin18=PE13
SH.FSMC_D1_DA1.ConfNb=1
NVIC.PriorityGroup=NVIC_PRIORITYGROUP_4
Mcu.Pin11=PG0
Mcu.Pin12=PE7
FATFS0.BSP.component=
Mcu.Pin10=PB0
PE2.Locked=true
PE3.Signal=GPXTI3
PE3.GPIO_Label=KEY1
PA0-WKUP.GPIO_PuPd=GPIO_PULLDOWN
PE2.GPIO_ModeDefaultEXTI=GPIO_MODE_IT_FALLING
PC9.Signal=SDIO_D1
PD2.Signal=SDIO_CMD
RCC.APB1Freq_Value=36000000
PB0.Signal=GPIO_Output
USB_DEVICE.VirtualMode=Hid
ProjectManager.DeviceId=STM32F103ZETx
FATFS0.BSP.name=Detect_SDIO
ProjectManager.LibraryCopy=1
SH.FSMC_D10_DA10.ConfNb=1
